
Microsoft Visual Studio Solution File, Format Version 12.00
# Visual Studio 2013
VisualStudioVersion = 12.0.40629.0
MinimumVisualStudioVersion = 10.0.40219.1
Project("{FAE04EC0-301F-11D3-BF4B-00C04F79EFBC}") = "HPV_Datos", "HPV_Datos\HPV_Datos.csproj", "{BF5AD81D-C294-4E2D-A689-3A8431AAA153}"
EndProject
Project("{FAE04EC0-301F-11D3-BF4B-00C04F79EFBC}") = "HPV_Entidades", "HPV_Entidades\HPV_Entidades\HPV_Entidades.csproj", "{2E8CE3BF-C2D3-41ED-AF0F-179427A5B584}"
EndProject
Project("{FAE04EC0-301F-11D3-BF4B-00C04F79EFBC}") = "HPV_EncuestasSena", "HPV_EncuestasSena\HPV_EncuestasSena.csproj", "{509308D6-43D1-4F66-B4FD-03D0BF2C78A8}"
	ProjectSection(ProjectDependencies) = postProject
		{222D1860-28FF-48A9-829F-9ABEF6009C3E} = {222D1860-28FF-48A9-829F-9ABEF6009C3E}
	EndProjectSection
EndProject
Project("{FAE04EC0-301F-11D3-BF4B-00C04F79EFBC}") = "HPV_FrontEnd", "HPV_FrontEnd\HPV_FrontEnd.csproj", "{4E6CC4F8-F373-463E-9313-126C20625E17}"
EndProject
Project("{FAE04EC0-301F-11D3-BF4B-00C04F79EFBC}") = "HPV_Servicios", "HPV_Servicios\HPV_Servicios\HPV_Servicios.csproj", "{222D1860-28FF-48A9-829F-9ABEF6009C3E}"
EndProject
Global
	GlobalSection(TeamFoundationVersionControl) = preSolution
		SccNumberOfProjects = 6
		SccEnterpriseProvider = {4CA58AB2-18FA-4F8D-95D4-32DDF27D184C}
		SccTeamFoundationServer = http://telesto:8080/tfs/dtmc_tfs
		SccLocalPath0 = .
		SccProjectUniqueName1 = HPV_Datos\\HPV_Datos.csproj
		SccProjectName1 = HPV_Datos
		SccLocalPath1 = HPV_Datos
		SccProjectUniqueName2 = HPV_Entidades\\HPV_Entidades\\HPV_Entidades.csproj
		SccProjectName2 = HPV_Entidades/HPV_Entidades
		SccLocalPath2 = HPV_Entidades\\HPV_Entidades
		SccProjectUniqueName3 = HPV_EncuestasSena\\HPV_EncuestasSena.csproj
		SccProjectName3 = HPV_EncuestasSena
		SccLocalPath3 = HPV_EncuestasSena
		SccProjectUniqueName4 = HPV_FrontEnd\\HPV_FrontEnd.csproj
		SccProjectName4 = HPV_FrontEnd
		SccLocalPath4 = HPV_FrontEnd
		SccProjectUniqueName5 = HPV_Servicios\\HPV_Servicios\\HPV_Servicios.csproj
		SccProjectName5 = HPV_Servicios/HPV_Servicios
		SccLocalPath5 = HPV_Servicios\\HPV_Servicios
	EndGlobalSection
	GlobalSection(SolutionConfigurationPlatforms) = preSolution
		Debug|Any CPU = Debug|Any CPU
		Release|Any CPU = Release|Any CPU
	EndGlobalSection
	GlobalSection(ProjectConfigurationPlatforms) = postSolution
		{BF5AD81D-C294-4E2D-A689-3A8431AAA153}.Debug|Any CPU.ActiveCfg = Debug|Any CPU
		{BF5AD81D-C294-4E2D-A689-3A8431AAA153}.Debug|Any CPU.Build.0 = Debug|Any CPU
		{BF5AD81D-C294-4E2D-A689-3A8431AAA153}.Release|Any CPU.ActiveCfg = Release|Any CPU
		{BF5AD81D-C294-4E2D-A689-3A8431AAA153}.Release|Any CPU.Build.0 = Release|Any CPU
		{2E8CE3BF-C2D3-41ED-AF0F-179427A5B584}.Debug|Any CPU.ActiveCfg = Debug|Any CPU
		{2E8CE3BF-C2D3-41ED-AF0F-179427A5B584}.Debug|Any CPU.Build.0 = Debug|Any CPU
		{2E8CE3BF-C2D3-41ED-AF0F-179427A5B584}.Release|Any CPU.ActiveCfg = Release|Any CPU
		{2E8CE3BF-C2D3-41ED-AF0F-179427A5B584}.Release|Any CPU.Build.0 = Release|Any CPU
		{509308D6-43D1-4F66-B4FD-03D0BF2C78A8}.Debug|Any CPU.ActiveCfg = Debug|Any CPU
		{509308D6-43D1-4F66-B4FD-03D0BF2C78A8}.Debug|Any CPU.Build.0 = Debug|Any CPU
		{509308D6-43D1-4F66-B4FD-03D0BF2C78A8}.Release|Any CPU.ActiveCfg = Release|Any CPU
		{509308D6-43D1-4F66-B4FD-03D0BF2C78A8}.Release|Any CPU.Build.0 = Release|Any CPU
		{4E6CC4F8-F373-463E-9313-126C20625E17}.Debug|Any CPU.ActiveCfg = Debug|Any CPU
		{4E6CC4F8-F373-463E-9313-126C20625E17}.Debug|Any CPU.Build.0 = Debug|Any CPU
		{4E6CC4F8-F373-463E-9313-126C20625E17}.Release|Any CPU.ActiveCfg = Release|Any CPU
		{4E6CC4F8-F373-463E-9313-126C20625E17}.Release|Any CPU.Build.0 = Release|Any CPU
		{222D1860-28FF-48A9-829F-9ABEF6009C3E}.Debug|Any CPU.ActiveCfg = Debug|Any CPU
		{222D1860-28FF-48A9-829F-9ABEF6009C3E}.Debug|Any CPU.Build.0 = Debug|Any CPU
		{222D1860-28FF-48A9-829F-9ABEF6009C3E}.Release|Any CPU.ActiveCfg = Release|Any CPU
		{222D1860-28FF-48A9-829F-9ABEF6009C3E}.Release|Any CPU.Build.0 = Release|Any CPU
	EndGlobalSection
	GlobalSection(SolutionProperties) = preSolution
		HideSolutionNode = FALSE
	EndGlobalSection
EndGlobal
